
Microsoft Visual Studio Solution File, Format Version 12.00
# Visual Studio Version 17
VisualStudioVersion = 17.5.002.0
MinimumVisualStudioVersion = 10.0.40219.1
Project("{9A19103F-16F7-4668-BE54-9A1E7A4F7556}") = "cauren", "cauren.csproj", "{C2BEBDD9-DCF3-4BCE-AB2B-F8C915013D6C}"
EndProject
Global
	GlobalSection(SolutionConfigurationPlatforms) = preSolution
		Debug|Any CPU = Debug|Any CPU
		Release|Any CPU = Release|Any CPU
	EndGlobalSection
	GlobalSection(ProjectConfigurationPlatforms) = postSolution
		{C2BEBDD9-DCF3-4BCE-AB2B-F8C915013D6C}.Debug|Any CPU.ActiveCfg = Debug|Any CPU
		{C2BEBDD9-DCF3-4BCE-AB2B-F8C915013D6C}.Debug|Any CPU.Build.0 = Debug|Any CPU
		{C2BEBDD9-DCF3-4BCE-AB2B-F8C915013D6C}.Release|Any CPU.ActiveCfg = Release|Any CPU
		{C2BEBDD9-DCF3-4BCE-AB2B-F8C915013D6C}.Release|Any CPU.Build.0 = Release|Any CPU
	EndGlobalSection
	GlobalSection(SolutionProperties) = preSolution
		HideSolutionNode = FALSE
	EndGlobalSection
	GlobalSection(ExtensibilityGlobals) = postSolution
		SolutionGuid = {6ABF5855-0DEC-4C5F-A415-41A223E365DB}
	EndGlobalSection
EndGlobal
